
Microsoft Visual Studio Solution File, Format Version 12.00
# Visual Studio Version 17
VisualStudioVersion = 17.14.36930.0
MinimumVisualStudioVersion = 10.0.40219.1
Project("{FAE04EC0-301F-11D3-BF4B-00C04F79EFBC}") = "WebAPI", "WebAPI\WebAPI.csproj", "{63651425-DB03-4BDC-BE42-3C0C2A32E003}"
EndProject
Project("{FAE04EC0-301F-11D3-BF4B-00C04F79EFBC}") = "AuthService.Context", "AuthService.Context\AuthService.Context.csproj", "{9690F34F-9B70-E90D-218C-8E406BAB958A}"
EndProject
Project("{FAE04EC0-301F-11D3-BF4B-00C04F79EFBC}") = "AuthService.Cryptography", "AuthService.Cryptography\AuthService.Cryptography.csproj", "{BA827E91-B1EF-7C86-7EBA-3341E1E6F6F7}"
EndProject
Global
	GlobalSection(SolutionConfigurationPlatforms) = preSolution
		Debug|Any CPU = Debug|Any CPU
		Release|Any CPU = Release|Any CPU
	EndGlobalSection
	GlobalSection(ProjectConfigurationPlatforms) = postSolution
		{63651425-DB03-4BDC-BE42-3C0C2A32E003}.Debug|Any CPU.ActiveCfg = Debug|Any CPU
		{63651425-DB03-4BDC-BE42-3C0C2A32E003}.Debug|Any CPU.Build.0 = Debug|Any CPU
		{63651425-DB03-4BDC-BE42-3C0C2A32E003}.Release|Any CPU.ActiveCfg = Release|Any CPU
		{63651425-DB03-4BDC-BE42-3C0C2A32E003}.Release|Any CPU.Build.0 = Release|Any CPU
		{9690F34F-9B70-E90D-218C-8E406BAB958A}.Debug|Any CPU.ActiveCfg = Debug|Any CPU
		{9690F34F-9B70-E90D-218C-8E406BAB958A}.Debug|Any CPU.Build.0 = Debug|Any CPU
		{9690F34F-9B70-E90D-218C-8E406BAB958A}.Release|Any CPU.ActiveCfg = Release|Any CPU
		{9690F34F-9B70-E90D-218C-8E406BAB958A}.Release|Any CPU.Build.0 = Release|Any CPU
		{BA827E91-B1EF-7C86-7EBA-3341E1E6F6F7}.Debug|Any CPU.ActiveCfg = Debug|Any CPU
		{BA827E91-B1EF-7C86-7EBA-3341E1E6F6F7}.Debug|Any CPU.Build.0 = Debug|Any CPU
		{BA827E91-B1EF-7C86-7EBA-3341E1E6F6F7}.Release|Any CPU.ActiveCfg = Release|Any CPU
		{BA827E91-B1EF-7C86-7EBA-3341E1E6F6F7}.Release|Any CPU.Build.0 = Release|Any CPU
	EndGlobalSection
	GlobalSection(SolutionProperties) = preSolution
		HideSolutionNode = FALSE
	EndGlobalSection
	GlobalSection(ExtensibilityGlobals) = postSolution
		SolutionGuid = {5CD87269-6526-448E-802C-F11DD3B87B41}
	EndGlobalSection
EndGlobal
